// !$*UTF8*$!
{
	archiveVersion = 1;
	classes = {
	};
	objectVersion = 38;
	objects = {
		014CEA520018CE5811CA2923 = {
			buildRules = (
			);
			buildSettings = {
				COPY_PHASE_STRIP = NO;
				GCC_DYNAMIC_NO_PIC = NO;
				GCC_ENABLE_FIX_AND_CONTINUE = YES;
				GCC_GENERATE_DEBUGGING_SYMBOLS = YES;
				GCC_OPTIMIZATION_LEVEL = 0;
				OPTIMIZATION_CFLAGS = "-O0";
				ZERO_LINK = YES;
			};
			isa = PBXBuildStyle;
			name = Development;
		};
		014CEA530018CE5811CA2923 = {
			buildRules = (
			);
			buildSettings = {
				COPY_PHASE_STRIP = YES;
				GCC_ENABLE_FIX_AND_CONTINUE = NO;
				ZERO_LINK = NO;
			};
			isa = PBXBuildStyle;
			name = Deployment;
		};
//010
//011
//012
//013
//014
//030
//031
//032
//033
//034
		034768E8FF38A79811DB9C8B = {
			isa = PBXExecutableFileReference;
			path = vtp;
			refType = 3;
		};
//030
//031
//032
//033
//034
//080
//081
//082
//083
//084
		08FB7793FE84155DC02AAC07 = {
			buildStyles = (
				014CEA520018CE5811CA2923,
				014CEA530018CE5811CA2923,
			);
			hasScannedForEncodings = 1;
			isa = PBXProject;
			mainGroup = 08FB7794FE84155DC02AAC07;
			projectDirPath = "";
			targets = (
				08FB779FFE84155DC02AAC07,
			);
		};
		08FB7794FE84155DC02AAC07 = {
			children = (
				08FB7795FE84155DC02AAC07,
				C6A0FF2B0290797F04C91782,
				1AB674ADFE9D54B511CA2CBB,
			);
			isa = PBXGroup;
			name = vtp;
			refType = 4;
		};
		08FB7795FE84155DC02AAC07 = {
			children = (
				62C4E1F1050EB03800A80167,
				62C4E1F0050EB02E00A80167,
			);
			isa = PBXGroup;
			name = Source;
			refType = 4;
		};
		08FB779FFE84155DC02AAC07 = {
			buildPhases = (
				08FB77A0FE84155DC02AAC07,
				08FB77A1FE84155DC02AAC07,
				08FB77A3FE84155DC02AAC07,
				08FB77A5FE84155DC02AAC07,
				C6A0FF2D029079AD04C91782,
			);
			buildSettings = {
				FRAMEWORK_SEARCH_PATHS = "";
				HEADER_SEARCH_PATHS = "";
				INSTALL_PATH = "$(HOME)/bin";
				LIBRARY_SEARCH_PATHS = "";
				OPTIMIZATION_CFLAGS = "-O0";
				OTHER_CFLAGS = "-D_OSX_ -D_DEBUG -I/usr/local/include/glib-2.0 -I/usr/local/lib/glib-2.0/include -I/usr/local/include/libxml2  -Wall\n";
				OTHER_LDFLAGS = "-L/usr/local/lib -lgthread-2.0 -lglib-2.0 -lintl -liconv -lm -lxml2 -lpthread -lz -lcrypto ";
				OTHER_REZFLAGS = "";
				PREBINDING = NO;
				PRODUCT_NAME = vtp;
				REZ_EXECUTABLE = YES;
				SECTORDER_FLAGS = "";
				USE_GCC3_PFE_SUPPORT = NO;
				WARNING_CFLAGS = "-Wmost -Wno-four-char-constants -Wno-unknown-pragmas";
			};
			dependencies = (
			);
			isa = PBXToolTarget;
			name = vtp;
			productInstallPath = "$(HOME)/bin";
			productName = vtp;
			productReference = 034768E8FF38A79811DB9C8B;
		};
		08FB77A0FE84155DC02AAC07 = {
			buildActionMask = 2147483647;
			files = (
				62C4E1DC050EAFDF00A80167,
				62C4E1DE050EAFDF00A80167,
				62C4E1DF050EAFDF00A80167,
				62C4E1E0050EAFDF00A80167,
				62C4E1E1050EAFDF00A80167,
				62C4E1E2050EAFDF00A80167,
				62C4E1E3050EAFDF00A80167,
				62C4E1E4050EAFDF00A80167,
				62C4E1E5050EAFDF00A80167,
				62C4E1E6050EAFDF00A80167,
				62C4E1E7050EAFDF00A80167,
				621FE4C4051935570084DFE0,
			);
			isa = PBXHeadersBuildPhase;
			runOnlyForDeploymentPostprocessing = 0;
		};
		08FB77A1FE84155DC02AAC07 = {
			buildActionMask = 2147483647;
			files = (
				62C4E1C5050EAFB300A80167,
				62C4E1C7050EAFB300A80167,
				62C4E1C8050EAFB300A80167,
				62C4E1C9050EAFB300A80167,
				62C4E1CB050EAFB300A80167,
				62C4E1CC050EAFB300A80167,
				62C4E1CD050EAFB300A80167,
				62C4E1CE050EAFB300A80167,
				62C4E1CF050EAFB300A80167,
				62C4E1F4050EDB0700A80167,
				621FE4C5051935570084DFE0,
			);
			isa = PBXSourcesBuildPhase;
			runOnlyForDeploymentPostprocessing = 0;
		};
		08FB77A3FE84155DC02AAC07 = {
			buildActionMask = 2147483647;
			files = (
			);
			isa = PBXFrameworksBuildPhase;
			runOnlyForDeploymentPostprocessing = 0;
		};
		08FB77A5FE84155DC02AAC07 = {
			buildActionMask = 2147483647;
			files = (
			);
			isa = PBXRezBuildPhase;
			runOnlyForDeploymentPostprocessing = 0;
		};
//080
//081
//082
//083
//084
//1A0
//1A1
//1A2
//1A3
//1A4
		1AB674ADFE9D54B511CA2CBB = {
			children = (
				034768E8FF38A79811DB9C8B,
			);
			isa = PBXGroup;
			name = Products;
			refType = 4;
		};
//1A0
//1A1
//1A2
//1A3
//1A4
//620
//621
//622
//623
//624
		621BBB510505343200343DF9 = {
			fileEncoding = 30;
			isa = PBXFileReference;
			path = egae.xml;
			refType = 4;
		};
		621BBB520505343200343DF9 = {
			fileRef = 621BBB510505343200343DF9;
			isa = PBXBuildFile;
			settings = {
			};
		};
		621FE4C2051935570084DFE0 = {
			fileEncoding = 4;
			isa = PBXFileReference;
			name = member.h;
			path = include/member.h;
			refType = 4;
		};
		621FE4C3051935570084DFE0 = {
			fileEncoding = 4;
			isa = PBXFileReference;
			name = member.c;
			path = src/member.c;
			refType = 4;
		};
		621FE4C4051935570084DFE0 = {
			fileRef = 621FE4C2051935570084DFE0;
			isa = PBXBuildFile;
			settings = {
			};
		};
		621FE4C5051935570084DFE0 = {
			fileRef = 621FE4C3051935570084DFE0;
			isa = PBXBuildFile;
			settings = {
			};
		};
		62B765320504ECB800343DF9 = {
			fileEncoding = 4;
			isa = PBXFileReference;
			path = RFC3550.txt;
			refType = 4;
		};
		62B765330504ECB800343DF9 = {
			fileRef = 62B765320504ECB800343DF9;
			isa = PBXBuildFile;
			settings = {
			};
		};
		62C4E1B8050EAFB300A80167 = {
			fileEncoding = 30;
			isa = PBXFileReference;
			name = client.c;
			path = src/client.c;
			refType = 4;
		};
		62C4E1B9050EAFB300A80167 = {
			fileEncoding = 30;
			isa = PBXFileReference;
			name = main.c;
			path = src/main.c;
			refType = 4;
		};
		62C4E1BB050EAFB300A80167 = {
			fileEncoding = 30;
			isa = PBXFileReference;
			name = mysock.c;
			path = src/mysock.c;
			refType = 4;
		};
		62C4E1BC050EAFB300A80167 = {
			fileEncoding = 30;
			isa = PBXFileReference;
			name = random.c;
			path = src/random.c;
			refType = 4;
		};
		62C4E1BD050EAFB300A80167 = {
			fileEncoding = 30;
			isa = PBXFileReference;
			name = rtcp.c;
			path = src/rtcp.c;
			refType = 4;
		};
		62C4E1BE050EAFB300A80167 = {
			fileEncoding = 30;
			isa = PBXFileReference;
			name = rtp.c;
			path = src/rtp.c;
			refType = 4;
		};
		62C4E1BF050EAFB300A80167 = {
			fileEncoding = 30;
			isa = PBXFileReference;
			name = schedule.c;
			path = src/schedule.c;
			refType = 4;
		};
		62C4E1C0050EAFB300A80167 = {
			fileEncoding = 30;
			isa = PBXFileReference;
			name = server.c;
			path = src/server.c;
			refType = 4;
		};
		62C4E1C1050EAFB300A80167 = {
			fileEncoding = 30;
			isa = PBXFileReference;
			name = test.c;
			path = src/test.c;
			refType = 4;
		};
		62C4E1C2050EAFB300A80167 = {
			fileEncoding = 30;
			isa = PBXFileReference;
			name = vtp.c;
			path = src/vtp.c;
			refType = 4;
		};
		62C4E1C3050EAFB300A80167 = {
			fileEncoding = 30;
			isa = PBXFileReference;
			name = xml.c;
			path = src/xml.c;
			refType = 4;
		};
		62C4E1C5050EAFB300A80167 = {
			fileRef = 62C4E1B9050EAFB300A80167;
			isa = PBXBuildFile;
			settings = {
			};
		};
		62C4E1C7050EAFB300A80167 = {
			fileRef = 62C4E1BB050EAFB300A80167;
			isa = PBXBuildFile;
			settings = {
			};
		};
		62C4E1C8050EAFB300A80167 = {
			fileRef = 62C4E1BC050EAFB300A80167;
			isa = PBXBuildFile;
			settings = {
			};
		};
		62C4E1C9050EAFB300A80167 = {
			fileRef = 62C4E1BD050EAFB300A80167;
			isa = PBXBuildFile;
			settings = {
			};
		};
		62C4E1CB050EAFB300A80167 = {
			fileRef = 62C4E1BF050EAFB300A80167;
			isa = PBXBuildFile;
			settings = {
			};
		};
		62C4E1CC050EAFB300A80167 = {
			fileRef = 62C4E1C0050EAFB300A80167;
			isa = PBXBuildFile;
			settings = {
			};
		};
		62C4E1CD050EAFB300A80167 = {
			fileRef = 62C4E1C1050EAFB300A80167;
			isa = PBXBuildFile;
			settings = {
			};
		};
		62C4E1CE050EAFB300A80167 = {
			fileRef = 62C4E1C2050EAFB300A80167;
			isa = PBXBuildFile;
			settings = {
			};
		};
		62C4E1CF050EAFB300A80167 = {
			fileRef = 62C4E1C3050EAFB300A80167;
			isa = PBXBuildFile;
			settings = {
			};
		};
		62C4E1D0050EAFDF00A80167 = {
			fileEncoding = 30;
			isa = PBXFileReference;
			name = client.h;
			path = include/client.h;
			refType = 4;
		};
		62C4E1D2050EAFDF00A80167 = {
			fileEncoding = 30;
			isa = PBXFileReference;
			name = mysock.h;
			path = include/mysock.h;
			refType = 4;
		};
		62C4E1D3050EAFDF00A80167 = {
			fileEncoding = 30;
			isa = PBXFileReference;
			name = random.h;
			path = include/random.h;
			refType = 4;
		};
		62C4E1D4050EAFDF00A80167 = {
			fileEncoding = 30;
			isa = PBXFileReference;
			name = rtcp.h;
			path = include/rtcp.h;
			refType = 4;
		};
		62C4E1D5050EAFDF00A80167 = {
			fileEncoding = 30;
			isa = PBXFileReference;
			name = rtp.h;
			path = include/rtp.h;
			refType = 4;
		};
		62C4E1D6050EAFDF00A80167 = {
			fileEncoding = 30;
			isa = PBXFileReference;
			name = schedule.h;
			path = include/schedule.h;
			refType = 4;
		};
		62C4E1D7050EAFDF00A80167 = {
			fileEncoding = 30;
			isa = PBXFileReference;
			name = server.h;
			path = include/server.h;
			refType = 4;
		};
		62C4E1D8050EAFDF00A80167 = {
			fileEncoding = 30;
			isa = PBXFileReference;
			name = template.h;
			path = include/template.h;
			refType = 4;
		};
		62C4E1D9050EAFDF00A80167 = {
			fileEncoding = 30;
			isa = PBXFileReference;
			name = test.h;
			path = include/test.h;
			refType = 4;
		};
		62C4E1DA050EAFDF00A80167 = {
			fileEncoding = 30;
			isa = PBXFileReference;
			name = vtp.h;
			path = include/vtp.h;
			refType = 4;
		};
		62C4E1DB050EAFDF00A80167 = {
			fileEncoding = 30;
			isa = PBXFileReference;
			name = xml.h;
			path = include/xml.h;
			refType = 4;
		};
		62C4E1DC050EAFDF00A80167 = {
			fileRef = 62C4E1D0050EAFDF00A80167;
			isa = PBXBuildFile;
			settings = {
			};
		};
		62C4E1DE050EAFDF00A80167 = {
			fileRef = 62C4E1D2050EAFDF00A80167;
			isa = PBXBuildFile;
			settings = {
			};
		};
		62C4E1DF050EAFDF00A80167 = {
			fileRef = 62C4E1D3050EAFDF00A80167;
			isa = PBXBuildFile;
			settings = {
			};
		};
		62C4E1E0050EAFDF00A80167 = {
			fileRef = 62C4E1D4050EAFDF00A80167;
			isa = PBXBuildFile;
			settings = {
			};
		};
		62C4E1E1050EAFDF00A80167 = {
			fileRef = 62C4E1D5050EAFDF00A80167;
			isa = PBXBuildFile;
			settings = {
			};
		};
		62C4E1E2050EAFDF00A80167 = {
			fileRef = 62C4E1D6050EAFDF00A80167;
			isa = PBXBuildFile;
			settings = {
			};
		};
		62C4E1E3050EAFDF00A80167 = {
			fileRef = 62C4E1D7050EAFDF00A80167;
			isa = PBXBuildFile;
			settings = {
			};
		};
		62C4E1E4050EAFDF00A80167 = {
			fileRef = 62C4E1D8050EAFDF00A80167;
			isa = PBXBuildFile;
			settings = {
			};
		};
		62C4E1E5050EAFDF00A80167 = {
			fileRef = 62C4E1D9050EAFDF00A80167;
			isa = PBXBuildFile;
			settings = {
			};
		};
		62C4E1E6050EAFDF00A80167 = {
			fileRef = 62C4E1DA050EAFDF00A80167;
			isa = PBXBuildFile;
			settings = {
			};
		};
		62C4E1E7050EAFDF00A80167 = {
			fileRef = 62C4E1DB050EAFDF00A80167;
			isa = PBXBuildFile;
			settings = {
			};
		};
		62C4E1E8050EB00100A80167 = {
			fileEncoding = 30;
			isa = PBXFileReference;
			name = 00NOTES;
			path = doc/00NOTES;
			refType = 4;
		};
		62C4E1E9050EB00100A80167 = {
			fileEncoding = 30;
			isa = PBXFileReference;
			name = 00README;
			path = doc/00README;
			refType = 4;
		};
		62C4E1EA050EB00100A80167 = {
			fileEncoding = 30;
			isa = PBXFileReference;
			name = 00TODO;
			path = doc/00TODO;
			refType = 4;
		};
		62C4E1EB050EB00100A80167 = {
			fileEncoding = 30;
			isa = PBXFileReference;
			name = RFC3550.txt;
			path = doc/RFC3550.txt;
			refType = 4;
		};
		62C4E1EC050EB00100A80167 = {
			fileRef = 62C4E1E8050EB00100A80167;
			isa = PBXBuildFile;
			settings = {
			};
		};
		62C4E1ED050EB00100A80167 = {
			fileRef = 62C4E1E9050EB00100A80167;
			isa = PBXBuildFile;
			settings = {
			};
		};
		62C4E1EE050EB00100A80167 = {
			fileRef = 62C4E1EA050EB00100A80167;
			isa = PBXBuildFile;
			settings = {
			};
		};
		62C4E1EF050EB00100A80167 = {
			fileRef = 62C4E1EB050EB00100A80167;
			isa = PBXBuildFile;
			settings = {
			};
		};
		62C4E1F0050EB02E00A80167 = {
			children = (
				621FE4C2051935570084DFE0,
				62C4E1D0050EAFDF00A80167,
				62C4E1D2050EAFDF00A80167,
				62C4E1D3050EAFDF00A80167,
				62C4E1D4050EAFDF00A80167,
				62C4E1D5050EAFDF00A80167,
				62C4E1D6050EAFDF00A80167,
				62C4E1D7050EAFDF00A80167,
				62C4E1D8050EAFDF00A80167,
				62C4E1D9050EAFDF00A80167,
				62C4E1DA050EAFDF00A80167,
				62C4E1DB050EAFDF00A80167,
			);
			isa = PBXGroup;
			name = include;
			refType = 4;
		};
		62C4E1F1050EB03800A80167 = {
			children = (
				62C4E1B8050EAFB300A80167,
				62C4E1B9050EAFB300A80167,
				62C4E1BB050EAFB300A80167,
				62C4E1BC050EAFB300A80167,
				62C4E1BD050EAFB300A80167,
				62C4E1BE050EAFB300A80167,
				62C4E1BF050EAFB300A80167,
				62C4E1C0050EAFB300A80167,
				62C4E1C1050EAFB300A80167,
				62C4E1C2050EAFB300A80167,
				62C4E1C3050EAFB300A80167,
				621FE4C3051935570084DFE0,
			);
			isa = PBXGroup;
			name = src;
			refType = 4;
		};
		62C4E1F4050EDB0700A80167 = {
			fileRef = 62C4E1B8050EAFB300A80167;
			isa = PBXBuildFile;
			settings = {
			};
		};
//620
//621
//622
//623
//624
//C60
//C61
//C62
//C63
//C64
		C6A0FF2B0290797F04C91782 = {
			children = (
				62B765320504ECB800343DF9,
				621BBB510505343200343DF9,
				62C4E1E8050EB00100A80167,
				62C4E1E9050EB00100A80167,
				62C4E1EA050EB00100A80167,
				62C4E1EB050EB00100A80167,
			);
			isa = PBXGroup;
			name = Documentation;
			refType = 4;
		};
		C6A0FF2D029079AD04C91782 = {
			buildActionMask = 8;
			dstPath = /usr/share/man/man1/;
			dstSubfolderSpec = 0;
			files = (
				62B765330504ECB800343DF9,
				621BBB520505343200343DF9,
				62C4E1EC050EB00100A80167,
				62C4E1ED050EB00100A80167,
				62C4E1EE050EB00100A80167,
				62C4E1EF050EB00100A80167,
			);
			isa = PBXCopyFilesBuildPhase;
			runOnlyForDeploymentPostprocessing = 1;
		};
	};
	rootObject = 08FB7793FE84155DC02AAC07;
}
