// !$*UTF8*$!
{
	archiveVersion = 1;
	classes = {
	};
	objectVersion = 39;
	objects = {
		014CEA460018CE2711CA2923 = {
			buildRules = (
			);
			buildSettings = {
				COPY_PHASE_STRIP = NO;
				DEBUGGING_SYMBOLS = YES;
				GCC_DYNAMIC_NO_PIC = NO;
				GCC_ENABLE_FIX_AND_CONTINUE = YES;
				GCC_GENERATE_DEBUGGING_SYMBOLS = YES;
				GCC_OPTIMIZATION_LEVEL = 0;
				OPTIMIZATION_CFLAGS = "-O0";
				ZERO_LINK = YES;
			};
			isa = PBXBuildStyle;
			name = Development;
		};
		014CEA470018CE2711CA2923 = {
			buildRules = (
			);
			buildSettings = {
				COPY_PHASE_STRIP = YES;
				GCC_ENABLE_FIX_AND_CONTINUE = NO;
				ZERO_LINK = NO;
			};
			isa = PBXBuildStyle;
			name = Deployment;
		};
//010
//011
//012
//013
//014
//020
//021
//022
//023
//024
		0249A662FF388D9811CA2CEA = {
			children = (
				0249A663FF388D9811CA2CEA,
			);
			isa = PBXGroup;
			name = "External Frameworks and Libraries";
			refType = 4;
			sourceTree = "<group>";
		};
		0249A663FF388D9811CA2CEA = {
			isa = PBXFileReference;
			lastKnownFileType = archive.ar;
			name = "libstdc++.a";
			path = "/usr/lib/libstdc++.a";
			refType = 0;
			sourceTree = "<absolute>";
		};
//020
//021
//022
//023
//024
//080
//081
//082
//083
//084
		08FB7793FE84155DC02AAC07 = {
			buildSettings = {
			};
			buildStyles = (
				014CEA460018CE2711CA2923,
				014CEA470018CE2711CA2923,
			);
			hasScannedForEncodings = 1;
			isa = PBXProject;
			mainGroup = 08FB7794FE84155DC02AAC07;
			projectDirPath = "";
			targets = (
				8DD76F620486A84900D96B5E,
			);
		};
		08FB7794FE84155DC02AAC07 = {
			children = (
				08FB7795FE84155DC02AAC07,
				C6859E8C029090F304C91782,
				0249A662FF388D9811CA2CEA,
				1AB674ADFE9D54B511CA2CBB,
			);
			isa = PBXGroup;
			name = vrtp;
			refType = 4;
			sourceTree = "<group>";
		};
		08FB7795FE84155DC02AAC07 = {
			children = (
				08FB7796FE84155DC02AAC07,
				620FD50805FB834F00D3FAEA,
				621398D405FA2DDB001D6498,
				626DAF9805E6CD9300694780,
				62B255D905F16ED7009C1B40,
				62B255DA05F16ED7009C1B40,
				626FB04F05E647070068CE70,
				626E824E05EAE01200B26732,
				626E806705EABF8700B26732,
				626E806805EABF8700B26732,
				62E3022E05ED249200622C20,
				62E3022F05ED249200622C20,
				6258C43B05F288BB00018E50,
				6258C43C05F288BB00018E50,
				6258BF8705F24F4F00018E50,
				6258BF8805F24F4F00018E50,
				62B761BD05EA75F200724480,
				62B761BE05EA75F200724480,
				620FD65505FB8B8D00D3FAEA,
				62FEFB5405F2B6BE004CDA5F,
				62FEFB7105F2B6DA004CDA5F,
				62FEFB9305F2B70A004CDA5F,
				621A9122060A3F65005A81DA,
			);
			isa = PBXGroup;
			name = Source;
			refType = 4;
			sourceTree = "<group>";
		};
		08FB7796FE84155DC02AAC07 = {
			fileEncoding = 4;
			isa = PBXFileReference;
			lastKnownFileType = sourcecode.cpp.cpp;
			path = main.cpp;
			refType = 4;
			sourceTree = "<group>";
		};
//080
//081
//082
//083
//084
//1A0
//1A1
//1A2
//1A3
//1A4
		1AB674ADFE9D54B511CA2CBB = {
			children = (
				8DD76F6C0486A84900D96B5E,
			);
			isa = PBXGroup;
			name = Products;
			refType = 4;
			sourceTree = "<group>";
		};
//1A0
//1A1
//1A2
//1A3
//1A4
//620
//621
//622
//623
//624
		620FD14905FB67D400D3FAEA = {
			fileEncoding = 4;
			isa = PBXFileReference;
			lastKnownFileType = sourcecode.c.h;
			path = RUDPSender.h;
			refType = 4;
			sourceTree = "<group>";
		};
		620FD14A05FB67D400D3FAEA = {
			fileEncoding = 4;
			isa = PBXFileReference;
			lastKnownFileType = sourcecode.cpp.cpp;
			path = RUDPSender.cpp;
			refType = 4;
			sourceTree = "<group>";
		};
		620FD15505FB67E500D3FAEA = {
			fileEncoding = 4;
			isa = PBXFileReference;
			lastKnownFileType = sourcecode.c.h;
			path = RUDPReceiver.h;
			refType = 4;
			sourceTree = "<group>";
		};
		620FD15605FB67E500D3FAEA = {
			fileEncoding = 4;
			isa = PBXFileReference;
			lastKnownFileType = sourcecode.cpp.cpp;
			path = RUDPReceiver.cpp;
			refType = 4;
			sourceTree = "<group>";
		};
		620FD50805FB834F00D3FAEA = {
			fileEncoding = 4;
			isa = PBXFileReference;
			lastKnownFileType = sourcecode.cpp.cpp;
			path = testmain.cpp;
			refType = 4;
			sourceTree = "<group>";
		};
		620FD5FB05FB8A8D00D3FAEA = {
			fileRef = 08FB7796FE84155DC02AAC07;
			isa = PBXBuildFile;
			settings = {
			};
		};
		620FD65505FB8B8D00D3FAEA = {
			children = (
				62CD713806111E9600FFB3F1,
				62CD713906111E9600FFB3F1,
				62B256AC05F21E04009C1B40,
				62B256AD05F21E04009C1B40,
			);
			isa = PBXGroup;
			name = Logger;
			refType = 4;
			sourceTree = "<group>";
		};
		620FD67B05FB8C7400D3FAEA = {
			fileRef = 8DD76F6C0486A84900D96B5E;
			isa = PBXBuildFile;
			settings = {
			};
		};
		620FD67D05FB8C7500D3FAEA = {
			fileRef = 62B761BD05EA75F200724480;
			isa = PBXBuildFile;
			settings = {
			};
		};
		620FD68205FB8C7700D3FAEA = {
			fileRef = 62B761BE05EA75F200724480;
			isa = PBXBuildFile;
			settings = {
			};
		};
		620FD69405FB8C8000D3FAEA = {
			fileRef = 623CDDF105ED1C7E007A2796;
			isa = PBXBuildFile;
			settings = {
			};
		};
		620FD69905FB8C8100D3FAEA = {
			fileRef = 623CDDF005ED1C7E007A2796;
			isa = PBXBuildFile;
			settings = {
			};
		};
		620FD6A205FB8C8300D3FAEA = {
			fileRef = 62FEFC9E05F2CCBB004CDA5F;
			isa = PBXBuildFile;
			settings = {
			};
		};
		620FD6A505FB8C8400D3FAEA = {
			fileRef = 62FEFC7205F2CAA8004CDA5F;
			isa = PBXBuildFile;
			settings = {
			};
		};
		620FD6AB05FB8C8800D3FAEA = {
			fileRef = 62FEFC9D05F2CCBB004CDA5F;
			isa = PBXBuildFile;
			settings = {
			};
		};
		620FD6AF05FB8C8800D3FAEA = {
			fileRef = 62FEFC7105F2CAA8004CDA5F;
			isa = PBXBuildFile;
			settings = {
			};
		};
		620FD6B405FB8C8A00D3FAEA = {
			fileRef = 626DAF9805E6CD9300694780;
			isa = PBXBuildFile;
			settings = {
			};
		};
		620FD6B905FB8C8B00D3FAEA = {
			fileRef = 62B255DA05F16ED7009C1B40;
			isa = PBXBuildFile;
			settings = {
			};
		};
		620FD6BE05FB8C8B00D3FAEA = {
			fileRef = 62B255D905F16ED7009C1B40;
			isa = PBXBuildFile;
			settings = {
			};
		};
		620FD6C305FB8C8D00D3FAEA = {
			fileRef = 626E806805EABF8700B26732;
			isa = PBXBuildFile;
			settings = {
			};
		};
		620FD6C805FB8C8E00D3FAEA = {
			fileRef = 626E806705EABF8700B26732;
			isa = PBXBuildFile;
			settings = {
			};
		};
		620FD6CA05FB8C8E00D3FAEA = {
			fileRef = 62E3022F05ED249200622C20;
			isa = PBXBuildFile;
			settings = {
			};
		};
		620FD6CF05FB8C8E00D3FAEA = {
			fileRef = 62E3022E05ED249200622C20;
			isa = PBXBuildFile;
			settings = {
			};
		};
		620FD6D405FB8C8F00D3FAEA = {
			fileRef = 62FEFEFF05F2DAAD004CDA5F;
			isa = PBXBuildFile;
			settings = {
			};
		};
		620FD6D905FB8C9200D3FAEA = {
			fileRef = 62FEFB3805F2B69F004CDA5F;
			isa = PBXBuildFile;
			settings = {
			};
		};
		620FD6DE05FB8C9200D3FAEA = {
			fileRef = 6298A02F05F4FA4C0093B484;
			isa = PBXBuildFile;
			settings = {
			};
		};
		620FD6E305FB8C9300D3FAEA = {
			fileRef = 6298A02E05F4FA4C0093B484;
			isa = PBXBuildFile;
			settings = {
			};
		};
		620FD6F205FB8C9600D3FAEA = {
			fileRef = 62FEFF1C05F2DB3B004CDA5F;
			isa = PBXBuildFile;
			settings = {
			};
		};
		620FD6F705FB8C9600D3FAEA = {
			fileRef = 6298A0BD05F4FCAA0093B484;
			isa = PBXBuildFile;
			settings = {
			};
		};
		620FD6FD05FB8C9800D3FAEA = {
			fileRef = 62FEFC4805F2CA48004CDA5F;
			isa = PBXBuildFile;
			settings = {
			};
		};
		620FD70105FB8C9900D3FAEA = {
			fileRef = 6298A0BC05F4FCAA0093B484;
			isa = PBXBuildFile;
			settings = {
			};
		};
		620FD70C05FB8C9B00D3FAEA = {
			fileRef = 6258C43C05F288BB00018E50;
			isa = PBXBuildFile;
			settings = {
			};
		};
		620FD71605FB8C9E00D3FAEA = {
			fileRef = 6258C43B05F288BB00018E50;
			isa = PBXBuildFile;
			settings = {
			};
		};
		620FD71B05FB8C9F00D3FAEA = {
			fileRef = 62FEFEAA05F2D9C5004CDA5F;
			isa = PBXBuildFile;
			settings = {
			};
		};
		620FD72005FB8CA000D3FAEA = {
			fileRef = 62FEFB0605F2B5CE004CDA5F;
			isa = PBXBuildFile;
			settings = {
			};
		};
		620FD74305FB8CA600D3FAEA = {
			fileRef = 623CDE0A05ED1C8C007A2796;
			isa = PBXBuildFile;
			settings = {
			};
		};
		620FD74805FB8CA600D3FAEA = {
			fileRef = 623CDE0905ED1C8C007A2796;
			isa = PBXBuildFile;
			settings = {
			};
		};
		620FD74D05FB8CA900D3FAEA = {
			fileRef = 626FB04505E644D70068CE70;
			isa = PBXBuildFile;
			settings = {
			};
		};
		620FD75205FB8CAA00D3FAEA = {
			fileRef = 626E824E05EAE01200B26732;
			isa = PBXBuildFile;
			settings = {
			};
		};
		620FD75905FB8CAE00D3FAEA = {
			fileRef = 626FB04F05E647070068CE70;
			isa = PBXBuildFile;
			settings = {
			};
		};
		620FD75E05FB8CAE00D3FAEA = {
			fileRef = 62B762EC05EAAE1D00724480;
			isa = PBXBuildFile;
			settings = {
			};
		};
		620FD76305FB8CB000D3FAEA = {
			fileRef = 62B762EB05EAAE1D00724480;
			isa = PBXBuildFile;
			settings = {
			};
		};
		620FD76805FB8CB100D3FAEA = {
			fileRef = 6258BF8805F24F4F00018E50;
			isa = PBXBuildFile;
			settings = {
			};
		};
		620FD76D05FB8CB100D3FAEA = {
			fileRef = 6258BF8705F24F4F00018E50;
			isa = PBXBuildFile;
			settings = {
			};
		};
		620FD77205FB8CB200D3FAEA = {
			fileRef = 62FE001405F2DD49004CDA5F;
			isa = PBXBuildFile;
			settings = {
			};
		};
		620FD77705FB8CB400D3FAEA = {
			fileRef = 62FE001305F2DD49004CDA5F;
			isa = PBXBuildFile;
			settings = {
			};
		};
		620FD78605FB8CBA00D3FAEA = {
			fileRef = 62FE004F05F2DE06004CDA5F;
			isa = PBXBuildFile;
			settings = {
			};
		};
		620FD78905FB8CBB00D3FAEA = {
			fileRef = 62FE004E05F2DE06004CDA5F;
			isa = PBXBuildFile;
			settings = {
			};
		};
		620FD78E05FB8CBB00D3FAEA = {
			fileRef = 6258BF0605F24A8300018E50;
			isa = PBXBuildFile;
			settings = {
			};
		};
		620FD79305FB8CBC00D3FAEA = {
			fileRef = 6258BF0505F24A8300018E50;
			isa = PBXBuildFile;
			settings = {
			};
		};
		620FD79805FB8CBD00D3FAEA = {
			fileRef = 626B59F405EC346B0087E873;
			isa = PBXBuildFile;
			settings = {
			};
		};
		620FD79D05FB8CBE00D3FAEA = {
			fileRef = 626B59F305EC346B0087E873;
			isa = PBXBuildFile;
			settings = {
			};
		};
		620FDB7005FBC30100D3FAEA = {
			fileEncoding = 4;
			isa = PBXFileReference;
			lastKnownFileType = sourcecode.c.h;
			path = RUDPThread.h;
			refType = 4;
			sourceTree = "<group>";
		};
		620FDB7105FBC30100D3FAEA = {
			fileEncoding = 4;
			isa = PBXFileReference;
			lastKnownFileType = sourcecode.cpp.cpp;
			path = RUDPThread.cpp;
			refType = 4;
			sourceTree = "<group>";
		};
		621398C805FA2DAB001D6498 = {
			fileEncoding = 30;
			isa = PBXFileReference;
			lastKnownFileType = sourcecode.c.h;
			path = RTPIuStream.h;
			refType = 4;
			sourceTree = "<group>";
		};
		621398CE05FA2DBB001D6498 = {
			fileEncoding = 30;
			isa = PBXFileReference;
			lastKnownFileType = sourcecode.c.h;
			path = RTPOuStream.h;
			refType = 4;
			sourceTree = "<group>";
		};
		621398D405FA2DDB001D6498 = {
			fileEncoding = 30;
			isa = PBXFileReference;
			lastKnownFileType = sourcecode.c.h;
			path = UDTSocket.h;
			refType = 4;
			sourceTree = "<group>";
		};
		621A9122060A3F65005A81DA = {
			children = (
			);
			isa = PBXGroup;
			name = "C-Interface";
			refType = 4;
			sourceTree = "<group>";
		};
		623CDDF005ED1C7E007A2796 = {
			fileEncoding = 4;
			isa = PBXFileReference;
			lastKnownFileType = sourcecode.c.h;
			path = Client.h;
			refType = 4;
			sourceTree = "<group>";
		};
		623CDDF105ED1C7E007A2796 = {
			fileEncoding = 4;
			isa = PBXFileReference;
			lastKnownFileType = sourcecode.cpp.cpp;
			path = Client.cpp;
			refType = 4;
			sourceTree = "<group>";
		};
		623CDE0905ED1C8C007A2796 = {
			fileEncoding = 4;
			isa = PBXFileReference;
			lastKnownFileType = sourcecode.c.h;
			path = Server.h;
			refType = 4;
			sourceTree = "<group>";
		};
		623CDE0A05ED1C8C007A2796 = {
			fileEncoding = 4;
			isa = PBXFileReference;
			lastKnownFileType = sourcecode.cpp.cpp;
			path = Server.cpp;
			refType = 4;
			sourceTree = "<group>";
		};
		6258BF0505F24A8300018E50 = {
			fileEncoding = 4;
			isa = PBXFileReference;
			lastKnownFileType = sourcecode.c.h;
			path = Thread.h;
			refType = 4;
			sourceTree = "<group>";
		};
		6258BF0605F24A8300018E50 = {
			fileEncoding = 4;
			isa = PBXFileReference;
			lastKnownFileType = sourcecode.cpp.cpp;
			path = Thread.cpp;
			refType = 4;
			sourceTree = "<group>";
		};
		6258BF8705F24F4F00018E50 = {
			fileEncoding = 4;
			isa = PBXFileReference;
			lastKnownFileType = sourcecode.c.h;
			path = Test.h;
			refType = 4;
			sourceTree = "<group>";
		};
		6258BF8805F24F4F00018E50 = {
			fileEncoding = 4;
			isa = PBXFileReference;
			lastKnownFileType = sourcecode.cpp.cpp;
			path = Test.cpp;
			refType = 4;
			sourceTree = "<group>";
		};
		6258C43B05F288BB00018E50 = {
			fileEncoding = 4;
			isa = PBXFileReference;
			lastKnownFileType = sourcecode.c.h;
			path = RTPSession.h;
			refType = 4;
			sourceTree = "<group>";
		};
		6258C43C05F288BB00018E50 = {
			fileEncoding = 4;
			isa = PBXFileReference;
			lastKnownFileType = sourcecode.cpp.cpp;
			path = RTPSession.cpp;
			refType = 4;
			sourceTree = "<group>";
		};
		62592B34060D3A2800D47AEE = {
			fileEncoding = 4;
			isa = PBXFileReference;
			lastKnownFileType = sourcecode.c.h;
			path = RTPIstream.h;
			refType = 4;
			sourceTree = "<group>";
		};
		62592B36060D3A2800D47AEE = {
			fileRef = 62592B34060D3A2800D47AEE;
			isa = PBXBuildFile;
			settings = {
			};
		};
		62592BA2060D3F2B00D47AEE = {
			fileEncoding = 4;
			isa = PBXFileReference;
			lastKnownFileType = sourcecode.c.h;
			path = RTPOstream.h;
			refType = 4;
			sourceTree = "<group>";
		};
		62592BA3060D3F2B00D47AEE = {
			fileRef = 62592BA2060D3F2B00D47AEE;
			isa = PBXBuildFile;
			settings = {
			};
		};
		62592C3F060D402B00D47AEE = {
			children = (
				62FEFB0605F2B5CE004CDA5F,
				62FEFEAA05F2D9C5004CDA5F,
				62592B34060D3A2800D47AEE,
				62592BA2060D3F2B00D47AEE,
			);
			isa = PBXGroup;
			name = Base;
			refType = 4;
			sourceTree = "<group>";
		};
		62592C53060D405300D47AEE = {
			children = (
				621398C805FA2DAB001D6498,
				62598EF105FA310C00BC3CF5,
				62FEFB3805F2B69F004CDA5F,
				62FEFEFF05F2DAAD004CDA5F,
				6298A02E05F4FA4C0093B484,
				6298A02F05F4FA4C0093B484,
				62FEFC9D05F2CCBB004CDA5F,
				62FEFC9E05F2CCBB004CDA5F,
				62FE001305F2DD49004CDA5F,
				62FE001405F2DD49004CDA5F,
				62592D99060D45D300D47AEE,
				62592D9A060D45D300D47AEE,
			);
			isa = PBXGroup;
			name = RTPIStreams;
			refType = 4;
			sourceTree = "<group>";
		};
		62592C77060D407D00D47AEE = {
			children = (
				621398CE05FA2DBB001D6498,
				62598EF705FA311B00BC3CF5,
				62FEFC4805F2CA48004CDA5F,
				62FEFF1C05F2DB3B004CDA5F,
				6298A0BC05F4FCAA0093B484,
				6298A0BD05F4FCAA0093B484,
				62FEFC7105F2CAA8004CDA5F,
				62FEFC7205F2CAA8004CDA5F,
				62FE004E05F2DE06004CDA5F,
				62FE004F05F2DE06004CDA5F,
				62592E18060D490500D47AEE,
				62592E19060D490500D47AEE,
			);
			isa = PBXGroup;
			name = RTPOStreams;
			refType = 4;
			sourceTree = "<group>";
		};
		62592D99060D45D300D47AEE = {
			fileEncoding = 4;
			isa = PBXFileReference;
			lastKnownFileType = sourcecode.c.h;
			path = RTPIPsockStream.h;
			refType = 4;
			sourceTree = "<group>";
		};
		62592D9A060D45D300D47AEE = {
			fileEncoding = 4;
			isa = PBXFileReference;
			lastKnownFileType = sourcecode.cpp.cpp;
			path = RTPIPsockStream.cpp;
			refType = 4;
			sourceTree = "<group>";
		};
		62592D9B060D45D300D47AEE = {
			fileRef = 62592D99060D45D300D47AEE;
			isa = PBXBuildFile;
			settings = {
			};
		};
		62592D9C060D45D300D47AEE = {
			fileRef = 62592D9A060D45D300D47AEE;
			isa = PBXBuildFile;
			settings = {
			};
		};
		62592E18060D490500D47AEE = {
			fileEncoding = 4;
			isa = PBXFileReference;
			lastKnownFileType = sourcecode.c.h;
			path = RTPOPsockStream.h;
			refType = 4;
			sourceTree = "<group>";
		};
		62592E19060D490500D47AEE = {
			fileEncoding = 4;
			isa = PBXFileReference;
			lastKnownFileType = sourcecode.cpp.cpp;
			path = RTPOPsockStream.cpp;
			refType = 4;
			sourceTree = "<group>";
		};
		62592E1A060D490500D47AEE = {
			fileRef = 62592E18060D490500D47AEE;
			isa = PBXBuildFile;
			settings = {
			};
		};
		62592E1B060D490500D47AEE = {
			fileRef = 62592E19060D490500D47AEE;
			isa = PBXBuildFile;
			settings = {
			};
		};
		62598EF105FA310C00BC3CF5 = {
			fileEncoding = 30;
			isa = PBXFileReference;
			lastKnownFileType = sourcecode.cpp.cpp;
			path = RTPIuStream.cpp;
			refType = 4;
			sourceTree = "<group>";
		};
		62598EF705FA311B00BC3CF5 = {
			fileEncoding = 30;
			isa = PBXFileReference;
			lastKnownFileType = sourcecode.cpp.cpp;
			path = RTPOuStream.cpp;
			refType = 4;
			sourceTree = "<group>";
		};
		62598EFD05FA313200BC3CF5 = {
			fileEncoding = 30;
			isa = PBXFileReference;
			lastKnownFileType = sourcecode.cpp.cpp;
			path = UDTSocket.cpp;
			refType = 4;
			sourceTree = "<group>";
		};
		62598FAF05FA34F600BC3CF5 = {
			fileEncoding = 30;
			isa = PBXFileReference;
			lastKnownFileType = sourcecode.c.h;
			path = UDTSocket.h;
			refType = 4;
			sourceTree = "<group>";
		};
		62598FF105FA3A5F00BC3CF5 = {
			fileEncoding = 4;
			isa = PBXFileReference;
			lastKnownFileType = sourcecode.c.h;
			path = RUDPSocket.h;
			refType = 4;
			sourceTree = "<group>";
		};
		62598FF205FA3A5F00BC3CF5 = {
			fileEncoding = 4;
			isa = PBXFileReference;
			lastKnownFileType = sourcecode.cpp.cpp;
			path = RUDPSocket.cpp;
			refType = 4;
			sourceTree = "<group>";
		};
		626B59F305EC346B0087E873 = {
			fileEncoding = 4;
			isa = PBXFileReference;
			lastKnownFileType = sourcecode.c.h;
			path = UDPSocket.h;
			refType = 4;
			sourceTree = "<group>";
		};
		626B59F405EC346B0087E873 = {
			fileEncoding = 4;
			isa = PBXFileReference;
			lastKnownFileType = sourcecode.cpp.cpp;
			path = UDPSocket.cpp;
			refType = 4;
			sourceTree = "<group>";
		};
		626DAF9805E6CD9300694780 = {
			fileEncoding = 4;
			isa = PBXFileReference;
			lastKnownFileType = sourcecode.c.h;
			path = MyException.h;
			refType = 4;
			sourceTree = "<group>";
		};
		626E806705EABF8700B26732 = {
			fileEncoding = 4;
			isa = PBXFileReference;
			lastKnownFileType = sourcecode.c.h;
			path = Options.h;
			refType = 4;
			sourceTree = "<group>";
		};
		626E806805EABF8700B26732 = {
			fileEncoding = 4;
			isa = PBXFileReference;
			lastKnownFileType = sourcecode.cpp.cpp;
			path = Options.cpp;
			refType = 4;
			sourceTree = "<group>";
		};
		626E824E05EAE01200B26732 = {
			fileEncoding = 4;
			isa = PBXFileReference;
			lastKnownFileType = sourcecode.cpp.cpp;
			path = SocketBuffer.cpp;
			refType = 4;
			sourceTree = "<group>";
		};
		626FB04505E644D70068CE70 = {
			fileEncoding = 4;
			isa = PBXFileReference;
			lastKnownFileType = sourcecode.c.h;
			path = Socket.h;
			refType = 4;
			sourceTree = "<group>";
		};
		626FB04F05E647070068CE70 = {
			fileEncoding = 4;
			isa = PBXFileReference;
			lastKnownFileType = sourcecode.c.h;
			path = SocketBuffer.h;
			refType = 4;
			sourceTree = "<group>";
		};
		6298A02E05F4FA4C0093B484 = {
			fileEncoding = 4;
			isa = PBXFileReference;
			lastKnownFileType = sourcecode.c.h;
			path = RTPIsStream.h;
			refType = 4;
			sourceTree = "<group>";
		};
		6298A02F05F4FA4C0093B484 = {
			fileEncoding = 4;
			isa = PBXFileReference;
			lastKnownFileType = sourcecode.cpp.cpp;
			path = RTPIsStream.cpp;
			refType = 4;
			sourceTree = "<group>";
		};
		6298A0BC05F4FCAA0093B484 = {
			fileEncoding = 4;
			isa = PBXFileReference;
			lastKnownFileType = sourcecode.c.h;
			path = RTPOsStream.h;
			refType = 4;
			sourceTree = "<group>";
		};
		6298A0BD05F4FCAA0093B484 = {
			fileEncoding = 4;
			isa = PBXFileReference;
			lastKnownFileType = sourcecode.cpp.cpp;
			path = RTPOsStream.cpp;
			refType = 4;
			sourceTree = "<group>";
		};
		62B255D905F16ED7009C1B40 = {
			fileEncoding = 4;
			isa = PBXFileReference;
			lastKnownFileType = sourcecode.c.h;
			path = Object.h;
			refType = 4;
			sourceTree = "<group>";
		};
		62B255DA05F16ED7009C1B40 = {
			fileEncoding = 4;
			isa = PBXFileReference;
			lastKnownFileType = sourcecode.cpp.cpp;
			path = Object.cpp;
			refType = 4;
			sourceTree = "<group>";
		};
		62B256AC05F21E04009C1B40 = {
			fileEncoding = 4;
			isa = PBXFileReference;
			lastKnownFileType = sourcecode.c.h;
			path = Logger.h;
			refType = 4;
			sourceTree = "<group>";
		};
		62B256AD05F21E04009C1B40 = {
			fileEncoding = 4;
			isa = PBXFileReference;
			lastKnownFileType = sourcecode.cpp.cpp;
			path = Logger.cpp;
			refType = 4;
			sourceTree = "<group>";
		};
		62B256AE05F21E04009C1B40 = {
			fileRef = 62B256AC05F21E04009C1B40;
			isa = PBXBuildFile;
			settings = {
			};
		};
		62B256AF05F21E04009C1B40 = {
			fileRef = 62B256AD05F21E04009C1B40;
			isa = PBXBuildFile;
			settings = {
			};
		};
		62B2581605F22E0B009C1B40 = {
			fileEncoding = 4;
			isa = PBXFileReference;
			lastKnownFileType = text;
			path = 00README.txt;
			refType = 4;
			sourceTree = "<group>";
		};
		62B761BD05EA75F200724480 = {
			fileEncoding = 4;
			isa = PBXFileReference;
			lastKnownFileType = sourcecode.c.h;
			path = Utils.h;
			refType = 4;
			sourceTree = "<group>";
		};
		62B761BE05EA75F200724480 = {
			fileEncoding = 4;
			isa = PBXFileReference;
			lastKnownFileType = sourcecode.cpp.cpp;
			path = Utils.cpp;
			refType = 4;
			sourceTree = "<group>";
		};
		62B762EB05EAAE1D00724480 = {
			fileEncoding = 4;
			isa = PBXFileReference;
			lastKnownFileType = sourcecode.c.h;
			path = TCPSocket.h;
			refType = 4;
			sourceTree = "<group>";
		};
		62B762EC05EAAE1D00724480 = {
			fileEncoding = 4;
			isa = PBXFileReference;
			lastKnownFileType = sourcecode.cpp.cpp;
			path = TCPSocket.cpp;
			refType = 4;
			sourceTree = "<group>";
		};
		62CD713806111E9600FFB3F1 = {
			fileEncoding = 4;
			isa = PBXFileReference;
			lastKnownFileType = sourcecode.c.h;
			path = Logsystem.h;
			refType = 4;
			sourceTree = "<group>";
		};
		62CD713906111E9600FFB3F1 = {
			fileEncoding = 4;
			isa = PBXFileReference;
			lastKnownFileType = sourcecode.cpp.cpp;
			path = Logsystem.cpp;
			refType = 4;
			sourceTree = "<group>";
		};
		62CD713A06111E9600FFB3F1 = {
			fileRef = 62CD713806111E9600FFB3F1;
			isa = PBXBuildFile;
			settings = {
			};
		};
		62CD713B06111E9600FFB3F1 = {
			fileRef = 62CD713906111E9600FFB3F1;
			isa = PBXBuildFile;
			settings = {
			};
		};
		62DC66B8060BDB190001E9F0 = {
			fileEncoding = 4;
			isa = PBXFileReference;
			lastKnownFileType = sourcecode.c.h;
			path = PSocket.h;
			refType = 4;
			sourceTree = "<group>";
		};
		62DC66B9060BDB190001E9F0 = {
			fileEncoding = 4;
			isa = PBXFileReference;
			lastKnownFileType = sourcecode.cpp.cpp;
			path = PSocket.cpp;
			refType = 4;
			sourceTree = "<group>";
		};
		62DC66BA060BDB190001E9F0 = {
			fileRef = 62DC66B8060BDB190001E9F0;
			isa = PBXBuildFile;
			settings = {
			};
		};
		62DC66BB060BDB190001E9F0 = {
			fileRef = 62DC66B9060BDB190001E9F0;
			isa = PBXBuildFile;
			settings = {
			};
		};
		62DC677A060BE02E0001E9F0 = {
			children = (
				62598FF105FA3A5F00BC3CF5,
				62598FF205FA3A5F00BC3CF5,
				620FDB7005FBC30100D3FAEA,
				620FDB7105FBC30100D3FAEA,
				620FD14905FB67D400D3FAEA,
				620FD14A05FB67D400D3FAEA,
				620FD15505FB67E500D3FAEA,
				620FD15605FB67E500D3FAEA,
			);
			isa = PBXGroup;
			name = RUDP;
			refType = 4;
			sourceTree = "<group>";
		};
		62E3022E05ED249200622C20 = {
			fileEncoding = 4;
			isa = PBXFileReference;
			lastKnownFileType = sourcecode.c.h;
			path = RTP.h;
			refType = 4;
			sourceTree = "<group>";
		};
		62E3022F05ED249200622C20 = {
			fileEncoding = 4;
			isa = PBXFileReference;
			lastKnownFileType = sourcecode.cpp.cpp;
			path = RTP.cpp;
			refType = 4;
			sourceTree = "<group>";
		};
		62FE001305F2DD49004CDA5F = {
			fileEncoding = 4;
			isa = PBXFileReference;
			lastKnownFileType = sourcecode.c.h;
			path = TestIfStream.h;
			refType = 4;
			sourceTree = "<group>";
		};
		62FE001405F2DD49004CDA5F = {
			fileEncoding = 4;
			isa = PBXFileReference;
			lastKnownFileType = sourcecode.cpp.cpp;
			path = TestIfStream.cpp;
			refType = 4;
			sourceTree = "<group>";
		};
		62FE004E05F2DE06004CDA5F = {
			fileEncoding = 4;
			isa = PBXFileReference;
			lastKnownFileType = sourcecode.c.h;
			path = TestOfStream.h;
			refType = 4;
			sourceTree = "<group>";
		};
		62FE004F05F2DE06004CDA5F = {
			fileEncoding = 4;
			isa = PBXFileReference;
			lastKnownFileType = sourcecode.cpp.cpp;
			path = TestOfStream.cpp;
			refType = 4;
			sourceTree = "<group>";
		};
		62FEFB0605F2B5CE004CDA5F = {
			fileEncoding = 4;
			isa = PBXFileReference;
			lastKnownFileType = sourcecode.c.h;
			path = RTPStream.h;
			refType = 4;
			sourceTree = "<group>";
		};
		62FEFB3805F2B69F004CDA5F = {
			fileEncoding = 4;
			isa = PBXFileReference;
			lastKnownFileType = sourcecode.c.h;
			path = RTPIfStream.h;
			refType = 4;
			sourceTree = "<group>";
		};
		62FEFB5405F2B6BE004CDA5F = {
			children = (
				62592C3F060D402B00D47AEE,
				62592C53060D405300D47AEE,
				62592C77060D407D00D47AEE,
			);
			isa = PBXGroup;
			name = RTPStream;
			refType = 4;
			sourceTree = "<group>";
		};
		62FEFB7105F2B6DA004CDA5F = {
			children = (
				626FB04505E644D70068CE70,
				62B762EB05EAAE1D00724480,
				62B762EC05EAAE1D00724480,
				626B59F305EC346B0087E873,
				626B59F405EC346B0087E873,
				62598FAF05FA34F600BC3CF5,
				62598EFD05FA313200BC3CF5,
				62DC66B8060BDB190001E9F0,
				62DC66B9060BDB190001E9F0,
				62DC677A060BE02E0001E9F0,
			);
			isa = PBXGroup;
			name = Socket;
			refType = 4;
			sourceTree = "<group>";
		};
		62FEFB9305F2B70A004CDA5F = {
			children = (
				623CDDF005ED1C7E007A2796,
				623CDDF105ED1C7E007A2796,
				623CDE0905ED1C8C007A2796,
				623CDE0A05ED1C8C007A2796,
				6258BF0505F24A8300018E50,
				6258BF0605F24A8300018E50,
			);
			isa = PBXGroup;
			name = Thread;
			refType = 4;
			sourceTree = "<group>";
		};
		62FEFC4805F2CA48004CDA5F = {
			fileEncoding = 4;
			isa = PBXFileReference;
			lastKnownFileType = sourcecode.c.h;
			path = RTPOfStream.h;
			refType = 4;
			sourceTree = "<group>";
		};
		62FEFC7105F2CAA8004CDA5F = {
			fileEncoding = 4;
			isa = PBXFileReference;
			lastKnownFileType = sourcecode.c.h;
			path = Mark5OfStream.h;
			refType = 4;
			sourceTree = "<group>";
		};
		62FEFC7205F2CAA8004CDA5F = {
			fileEncoding = 4;
			isa = PBXFileReference;
			lastKnownFileType = sourcecode.cpp.cpp;
			path = Mark5OfStream.cpp;
			refType = 4;
			sourceTree = "<group>";
		};
		62FEFC9D05F2CCBB004CDA5F = {
			fileEncoding = 4;
			isa = PBXFileReference;
			lastKnownFileType = sourcecode.c.h;
			path = Mark5IfStream.h;
			refType = 4;
			sourceTree = "<group>";
		};
		62FEFC9E05F2CCBB004CDA5F = {
			fileEncoding = 4;
			isa = PBXFileReference;
			lastKnownFileType = sourcecode.cpp.cpp;
			path = Mark5IfStream.cpp;
			refType = 4;
			sourceTree = "<group>";
		};
		62FEFEAA05F2D9C5004CDA5F = {
			fileEncoding = 4;
			isa = PBXFileReference;
			lastKnownFileType = sourcecode.cpp.cpp;
			path = RTPStream.cpp;
			refType = 4;
			sourceTree = "<group>";
		};
		62FEFEFF05F2DAAD004CDA5F = {
			fileEncoding = 4;
			isa = PBXFileReference;
			lastKnownFileType = sourcecode.cpp.cpp;
			path = RTPIfStream.cpp;
			refType = 4;
			sourceTree = "<group>";
		};
		62FEFF1C05F2DB3B004CDA5F = {
			fileEncoding = 4;
			isa = PBXFileReference;
			lastKnownFileType = sourcecode.cpp.cpp;
			path = RTPOfStream.cpp;
			refType = 4;
			sourceTree = "<group>";
		};
//620
//621
//622
//623
//624
//8D0
//8D1
//8D2
//8D3
//8D4
		8DD76F620486A84900D96B5E = {
			buildPhases = (
				8DD76F630486A84900D96B5E,
				8DD76F640486A84900D96B5E,
				8DD76F660486A84900D96B5E,
				8DD76F680486A84900D96B5E,
				8DD76F690486A84900D96B5E,
			);
			buildRules = (
			);
			buildSettings = {
				FRAMEWORK_SEARCH_PATHS = "";
				GCC_ENABLE_TRIGRAPHS = NO;
				GCC_GENERATE_DEBUGGING_SYMBOLS = NO;
				GCC_OPTIMIZATION_LEVEL = 0;
				GCC_PRECOMPILE_PREFIX_HEADER = NO;
				GCC_WARN_ABOUT_MISSING_PROTOTYPES = NO;
				GCC_WARN_FOUR_CHARACTER_CONSTANTS = NO;
				GCC_WARN_UNKNOWN_PRAGMAS = NO;
				HEADER_SEARCH_PATHS = "/usr/include/gcc/darwin/3.3/c++ /Users/davidlapsley/Sites/mit/vrtp";
				INSTALL_PATH = "$(HOME)/bin";
				LIBRARY_SEARCH_PATHS = /Users/davidlapsley/Sites/mit/vrtp;
				LIBRARY_STYLE = STATIC;
				OTHER_LDFLAGS = "";
				PRODUCT_NAME = vrtp;
				WARNING_CFLAGS = "-Wmost -Wno-four-char-constants -Wno-unknown-pragmas";
			};
			dependencies = (
			);
			isa = PBXNativeTarget;
			name = vrtp;
			productInstallPath = "$(HOME)/bin";
			productName = vrtp;
			productReference = 8DD76F6C0486A84900D96B5E;
			productType = "com.apple.product-type.tool";
		};
		8DD76F630486A84900D96B5E = {
			buildActionMask = 2147483647;
			files = (
				62B256AE05F21E04009C1B40,
				620FD67D05FB8C7500D3FAEA,
				620FD69905FB8C8100D3FAEA,
				620FD6AB05FB8C8800D3FAEA,
				620FD6AF05FB8C8800D3FAEA,
				620FD6B405FB8C8A00D3FAEA,
				620FD6BE05FB8C8B00D3FAEA,
				620FD6C805FB8C8E00D3FAEA,
				620FD6CF05FB8C8E00D3FAEA,
				620FD6D905FB8C9200D3FAEA,
				620FD6E305FB8C9300D3FAEA,
				620FD6FD05FB8C9800D3FAEA,
				620FD70105FB8C9900D3FAEA,
				620FD71605FB8C9E00D3FAEA,
				620FD72005FB8CA000D3FAEA,
				620FD74805FB8CA600D3FAEA,
				620FD74D05FB8CA900D3FAEA,
				620FD75905FB8CAE00D3FAEA,
				620FD76305FB8CB000D3FAEA,
				620FD76D05FB8CB100D3FAEA,
				620FD77705FB8CB400D3FAEA,
				620FD78905FB8CBB00D3FAEA,
				620FD79305FB8CBC00D3FAEA,
				620FD79D05FB8CBE00D3FAEA,
				62DC66BA060BDB190001E9F0,
				62592B36060D3A2800D47AEE,
				62592BA3060D3F2B00D47AEE,
				62592D9B060D45D300D47AEE,
				62592E1A060D490500D47AEE,
				62CD713A06111E9600FFB3F1,
			);
			isa = PBXHeadersBuildPhase;
			runOnlyForDeploymentPostprocessing = 0;
		};
		8DD76F640486A84900D96B5E = {
			buildActionMask = 2147483647;
			files = (
				62B256AF05F21E04009C1B40,
				620FD5FB05FB8A8D00D3FAEA,
				620FD68205FB8C7700D3FAEA,
				620FD69405FB8C8000D3FAEA,
				620FD6A205FB8C8300D3FAEA,
				620FD6A505FB8C8400D3FAEA,
				620FD6B905FB8C8B00D3FAEA,
				620FD6C305FB8C8D00D3FAEA,
				620FD6CA05FB8C8E00D3FAEA,
				620FD6D405FB8C8F00D3FAEA,
				620FD6DE05FB8C9200D3FAEA,
				620FD6F205FB8C9600D3FAEA,
				620FD6F705FB8C9600D3FAEA,
				620FD70C05FB8C9B00D3FAEA,
				620FD71B05FB8C9F00D3FAEA,
				620FD74305FB8CA600D3FAEA,
				620FD75205FB8CAA00D3FAEA,
				620FD75E05FB8CAE00D3FAEA,
				620FD76805FB8CB100D3FAEA,
				620FD77205FB8CB200D3FAEA,
				620FD78605FB8CBA00D3FAEA,
				620FD78E05FB8CBB00D3FAEA,
				620FD79805FB8CBD00D3FAEA,
				62DC66BB060BDB190001E9F0,
				62592D9C060D45D300D47AEE,
				62592E1B060D490500D47AEE,
				62CD713B06111E9600FFB3F1,
			);
			isa = PBXSourcesBuildPhase;
			runOnlyForDeploymentPostprocessing = 0;
		};
		8DD76F660486A84900D96B5E = {
			buildActionMask = 2147483647;
			files = (
				8DD76F670486A84900D96B5E,
			);
			isa = PBXFrameworksBuildPhase;
			runOnlyForDeploymentPostprocessing = 0;
		};
		8DD76F670486A84900D96B5E = {
			fileRef = 0249A663FF388D9811CA2CEA;
			isa = PBXBuildFile;
			settings = {
			};
		};
		8DD76F680486A84900D96B5E = {
			buildActionMask = 2147483647;
			files = (
			);
			isa = PBXRezBuildPhase;
			runOnlyForDeploymentPostprocessing = 0;
		};
		8DD76F690486A84900D96B5E = {
			buildActionMask = 8;
			dstPath = /usr/share/man/man1/;
			dstSubfolderSpec = 0;
			files = (
				8DD76F6A0486A84900D96B5E,
				620FD67B05FB8C7400D3FAEA,
			);
			isa = PBXCopyFilesBuildPhase;
			runOnlyForDeploymentPostprocessing = 1;
		};
		8DD76F6A0486A84900D96B5E = {
			fileRef = C6859E8B029090EE04C91782;
			isa = PBXBuildFile;
			settings = {
			};
		};
		8DD76F6C0486A84900D96B5E = {
			explicitFileType = "compiled.mach-o.executable";
			includeInIndex = 0;
			isa = PBXFileReference;
			path = vrtp;
			refType = 3;
			sourceTree = BUILT_PRODUCTS_DIR;
		};
//8D0
//8D1
//8D2
//8D3
//8D4
//C60
//C61
//C62
//C63
//C64
		C6859E8B029090EE04C91782 = {
			isa = PBXFileReference;
			lastKnownFileType = text.man;
			path = vrtp.1;
			refType = 4;
			sourceTree = "<group>";
		};
		C6859E8C029090F304C91782 = {
			children = (
				C6859E8B029090EE04C91782,
				62B2581605F22E0B009C1B40,
			);
			isa = PBXGroup;
			name = Documentation;
			refType = 4;
			sourceTree = "<group>";
		};
	};
	rootObject = 08FB7793FE84155DC02AAC07;
}
